<?xml version="1.0" encoding="utf-8"?>
<Project ToolsVersion="4.0" xmlns="http://schemas.microsoft.com/developer/msbuild/2003">
  <ItemGroup>
    <Filter Include="Source Files">
      <UniqueIdentifier>{4FC737F1-C7A5-4376-A066-2A32D752A2FF}</UniqueIdentifier>
      <Extensions>cpp;c;cc;cxx;c++;cppm;ixx;def;odl;idl;hpj;bat;asm;asmx</Extensions>
    </Filter>
    <Filter Include="Header Files">
      <UniqueIdentifier>{93995380-89BD-4b04-88EB-625FBE52EBFB}</UniqueIdentifier>
      <Extensions>h;hh;hpp;hxx;h++;hm;inl;inc;ipp;xsd</Extensions>
    </Filter>
    <Filter Include="Resource Files">
      <UniqueIdentifier>{67DA6AB6-F800-4c08-8B7A-83BB121AAD01}</UniqueIdentifier>
      <Extensions>rc;ico;cur;bmp;dlg;rc2;rct;bin;rgs;gif;jpg;jpeg;jpe;resx;tiff;tif;png;wav;mfcribbon-ms</Extensions>
    </Filter>
  </ItemGroup>
  <ItemGroup>
    <ClCompile Include="main.cpp">
      <Filter>Source Files</Filter>
    </ClCompile>
    <ClCompile Include="Card.cpp">
      <Filter>Source Files</Filter>
    </ClCompile>
    <ClCompile Include="Player.cpp">
      <Filter>Source Files</Filter>
    </ClCompile>
    <ClCompile Include="Mark.cpp">
      <Filter>Source Files</Filter>
    </ClCompile>
    <ClCompile Include="Button.cpp">
      <Filter>Source Files</Filter>
    </ClCompile>
    <ClCompile Include="PlainCard.cpp">
      <Filter>Source Files</Filter>
    </ClCompile>
    <ClCompile Include="AceCard.cpp">
      <Filter>Source Files</Filter>
    </ClCompile>
    <ClCompile Include="Deck.cpp">
      <Filter>Source Files</Filter>
    </ClCompile>
    <ClCompile Include="Selectable.cpp">
      <Filter>Source Files</Filter>
    </ClCompile>
    <ClCompile Include="Scopable.cpp">
      <Filter>Source Files</Filter>
    </ClCompile>
    <ClCompile Include="Hand.cpp">
      <Filter>Source Files</Filter>
    </ClCompile>
    <ClCompile Include="HelpButton.cpp">
      <Filter>Source Files</Filter>
    </ClCompile>
    <ClCompile Include="Level.cpp">
      <Filter>Source Files</Filter>
    </ClCompile>
    <ClCompile Include="Event.cpp">
      <Filter>Source Files</Filter>
    </ClCompile>
    <ClCompile Include="FigureCard.cpp">
      <Filter>Source Files</Filter>
    </ClCompile>
    <ClCompile Include="Game.cpp">
      <Filter>Source Files</Filter>
    </ClCompile>
    <ClCompile Include="GameButton.cpp">
      <Filter>Source Files</Filter>
    </ClCompile>
    <ClCompile Include="WindowButton.cpp">
      <Filter>Source Files</Filter>
    </ClCompile>
    <ClCompile Include="MusicButton.cpp">
      <Filter>Source Files</Filter>
    </ClCompile>
  </ItemGroup>
  <ItemGroup>
    <ClInclude Include="defines.h">
      <Filter>Header Files</Filter>
    </ClInclude>
    <ClInclude Include="Card.h">
      <Filter>Header Files</Filter>
    </ClInclude>
    <ClInclude Include="Player.h">
      <Filter>Header Files</Filter>
    </ClInclude>
    <ClInclude Include="Mark.h">
      <Filter>Header Files</Filter>
    </ClInclude>
    <ClInclude Include="Button.h">
      <Filter>Header Files</Filter>
    </ClInclude>
    <ClInclude Include="PlainCard.h">
      <Filter>Header Files</Filter>
    </ClInclude>
    <ClInclude Include="AceCard.h">
      <Filter>Header Files</Filter>
    </ClInclude>
    <ClInclude Include="Deck.h">
      <Filter>Header Files</Filter>
    </ClInclude>
    <ClInclude Include="Selectable.h">
      <Filter>Header Files</Filter>
    </ClInclude>
    <ClInclude Include="Scopable.h">
      <Filter>Header Files</Filter>
    </ClInclude>
    <ClInclude Include="Hand.h">
      <Filter>Header Files</Filter>
    </ClInclude>
    <ClInclude Include="HelpButton.h">
      <Filter>Header Files</Filter>
    </ClInclude>
    <ClInclude Include="Level.h">
      <Filter>Header Files</Filter>
    </ClInclude>
    <ClInclude Include="Event.h">
      <Filter>Header Files</Filter>
    </ClInclude>
    <ClInclude Include="FigureCard.h">
      <Filter>Header Files</Filter>
    </ClInclude>
    <ClInclude Include="Game.h">
      <Filter>Header Files</Filter>
    </ClInclude>
    <ClInclude Include="GameButton.h">
      <Filter>Header Files</Filter>
    </ClInclude>
    <ClInclude Include="WindowButton.h">
      <Filter>Header Files</Filter>
    </ClInclude>
    <ClInclude Include="MusicButton.h">
      <Filter>Header Files</Filter>
    </ClInclude>
  </ItemGroup>
</Project>